// !$*UTF8*$!
{
	archiveVersion = 1;
	classes = {
	};
	objectVersion = 48;
	objects = {

/* Begin PBXBuildFile section */
		160AC4DF1FC6C891002F7E95 /* AppDelegate.m in Sources */ = {isa = PBXBuildFile; fileRef = 160AC4DE1FC6C891002F7E95 /* AppDelegate.m */; };
		160AC4E21FC6C891002F7E95 /* ViewController.m in Sources */ = {isa = PBXBuildFile; fileRef = 160AC4E11FC6C891002F7E95 /* ViewController.m */; };
		160AC4E51FC6C891002F7E95 /* Main.storyboard in Resources */ = {isa = PBXBuildFile; fileRef = 160AC4E31FC6C891002F7E95 /* Main.storyboard */; };
		160AC4E71FC6C891002F7E95 /* Assets.xcassets in Resources */ = {isa = PBXBuildFile; fileRef = 160AC4E61FC6C891002F7E95 /* Assets.xcassets */; };
		160AC4EA1FC6C891002F7E95 /* LaunchScreen.storyboard in Resources */ = {isa = PBXBuildFile; fileRef = 160AC4E81FC6C891002F7E95 /* LaunchScreen.storyboard */; };
		160AC4ED1FC6C891002F7E95 /* main.m in Sources */ = {isa = PBXBuildFile; fileRef = 160AC4EC1FC6C891002F7E95 /* main.m */; };
		160AC4F61FC6CA76002F7E95 /* BoutiqueCollectionViewController.m in Sources */ = {isa = PBXBuildFile; fileRef = 160AC4F51FC6CA76002F7E95 /* BoutiqueCollectionViewController.m */; };
		160AC4F91FC6CAA9002F7E95 /* LeftDrawerTableViewController.m in Sources */ = {isa = PBXBuildFile; fileRef = 160AC4F81FC6CAA9002F7E95 /* LeftDrawerTableViewController.m */; };
		9775D79FFF13EDA982A2B655 /* libPods-抽屉.a in Frameworks */ = {isa = PBXBuildFile; fileRef = 280E40F3A9FFAEF64B13F2C8 /* libPods-抽屉.a */; };
/* End PBXBuildFile section */

/* Begin PBXFileReference section */
		160AC4DA1FC6C891002F7E95 /* 抽屉.app */ = {isa = PBXFileReference; explicitFileType = wrapper.application; includeInIndex = 0; path = "抽屉.app"; sourceTree = BUILT_PRODUCTS_DIR; };
		160AC4DD1FC6C891002F7E95 /* AppDelegate.h */ = {isa = PBXFileReference; lastKnownFileType = sourcecode.c.h; path = AppDelegate.h; sourceTree = "<group>"; };
		160AC4DE1FC6C891002F7E95 /* AppDelegate.m */ = {isa = PBXFileReference; lastKnownFileType = sourcecode.c.objc; path = AppDelegate.m; sourceTree = "<group>"; };
		160AC4E01FC6C891002F7E95 /* ViewController.h */ = {isa = PBXFileReference; lastKnownFileType = sourcecode.c.h; path = ViewController.h; sourceTree = "<group>"; };
		160AC4E11FC6C891002F7E95 /* ViewController.m */ = {isa = PBXFileReference; lastKnownFileType = sourcecode.c.objc; path = ViewController.m; sourceTree = "<group>"; };
		160AC4E41FC6C891002F7E95 /* Base */ = {isa = PBXFileReference; lastKnownFileType = file.storyboard; name = Base; path = Base.lproj/Main.storyboard; sourceTree = "<group>"; };
		160AC4E61FC6C891002F7E95 /* Assets.xcassets */ = {isa = PBXFileReference; lastKnownFileType = folder.assetcatalog; path = Assets.xcassets; sourceTree = "<group>"; };
		160AC4E91FC6C891002F7E95 /* Base */ = {isa = PBXFileReference; lastKnownFileType = file.storyboard; name = Base; path = Base.lproj/LaunchScreen.storyboard; sourceTree = "<group>"; };
		160AC4EB1FC6C891002F7E95 /* Info.plist */ = {isa = PBXFileReference; lastKnownFileType = text.plist.xml; path = Info.plist; sourceTree = "<group>"; };
		160AC4EC1FC6C891002F7E95 /* main.m */ = {isa = PBXFileReference; lastKnownFileType = sourcecode.c.objc; path = main.m; sourceTree = "<group>"; };
		160AC4F41FC6CA76002F7E95 /* BoutiqueCollectionViewController.h */ = {isa = PBXFileReference; lastKnownFileType = sourcecode.c.h; path = BoutiqueCollectionViewController.h; sourceTree = "<group>"; };
		160AC4F51FC6CA76002F7E95 /* BoutiqueCollectionViewController.m */ = {isa = PBXFileReference; lastKnownFileType = sourcecode.c.objc; path = BoutiqueCollectionViewController.m; sourceTree = "<group>"; };
		160AC4F71FC6CAA9002F7E95 /* LeftDrawerTableViewController.h */ = {isa = PBXFileReference; lastKnownFileType = sourcecode.c.h; path = LeftDrawerTableViewController.h; sourceTree = "<group>"; };
		160AC4F81FC6CAA9002F7E95 /* LeftDrawerTableViewController.m */ = {isa = PBXFileReference; lastKnownFileType = sourcecode.c.objc; path = LeftDrawerTableViewController.m; sourceTree = "<group>"; };
		24B9E91F712602F08667670C /* Pods-抽屉.release.xcconfig */ = {isa = PBXFileReference; includeInIndex = 1; lastKnownFileType = text.xcconfig; name = "Pods-抽屉.release.xcconfig"; path = "Pods/Target Support Files/Pods-抽屉/Pods-抽屉.release.xcconfig"; sourceTree = "<group>"; };
		280E40F3A9FFAEF64B13F2C8 /* libPods-抽屉.a */ = {isa = PBXFileReference; explicitFileType = archive.ar; includeInIndex = 0; path = "libPods-抽屉.a"; sourceTree = BUILT_PRODUCTS_DIR; };
		990D93181E889D4D6A96D95B /* Pods-抽屉.debug.xcconfig */ = {isa = PBXFileReference; includeInIndex = 1; lastKnownFileType = text.xcconfig; name = "Pods-抽屉.debug.xcconfig"; path = "Pods/Target Support Files/Pods-抽屉/Pods-抽屉.debug.xcconfig"; sourceTree = "<group>"; };
/* End PBXFileReference section */

/* Begin PBXFrameworksBuildPhase section */
		160AC4D71FC6C891002F7E95 /* Frameworks */ = {
			isa = PBXFrameworksBuildPhase;
			buildActionMask = 2147483647;
			files = (
				9775D79FFF13EDA982A2B655 /* libPods-抽屉.a in Frameworks */,
			);
			runOnlyForDeploymentPostprocessing = 0;
		};
/* End PBXFrameworksBuildPhase section */

/* Begin PBXGroup section */
		160AC4D11FC6C891002F7E95 = {
			isa = PBXGroup;
			children = (
				160AC4DC1FC6C891002F7E95 /* 抽屉 */,
				160AC4DB1FC6C891002F7E95 /* Products */,
				3538B9C353DFD57CD7BDCD7B /* Pods */,
				7D350AB360F2691872B12846 /* Frameworks */,
			);
			sourceTree = "<group>";
		};
		160AC4DB1FC6C891002F7E95 /* Products */ = {
			isa = PBXGroup;
			children = (
				160AC4DA1FC6C891002F7E95 /* 抽屉.app */,
			);
			name = Products;
			sourceTree = "<group>";
		};
		160AC4DC1FC6C891002F7E95 /* 抽屉 */ = {
			isa = PBXGroup;
			children = (
				160AC4F31FC6CA4A002F7E95 /* Controllers */,
				160AC4DD1FC6C891002F7E95 /* AppDelegate.h */,
				160AC4DE1FC6C891002F7E95 /* AppDelegate.m */,
				160AC4E01FC6C891002F7E95 /* ViewController.h */,
				160AC4E11FC6C891002F7E95 /* ViewController.m */,
				160AC4E31FC6C891002F7E95 /* Main.storyboard */,
				160AC4E61FC6C891002F7E95 /* Assets.xcassets */,
				160AC4E81FC6C891002F7E95 /* LaunchScreen.storyboard */,
				160AC4EB1FC6C891002F7E95 /* Info.plist */,
				160AC4EC1FC6C891002F7E95 /* main.m */,
			);
			path = "抽屉";
			sourceTree = "<group>";
		};
		160AC4F31FC6CA4A002F7E95 /* Controllers */ = {
			isa = PBXGroup;
			children = (
				160AC4F41FC6CA76002F7E95 /* BoutiqueCollectionViewController.h */,
				160AC4F51FC6CA76002F7E95 /* BoutiqueCollectionViewController.m */,
				160AC4F71FC6CAA9002F7E95 /* LeftDrawerTableViewController.h */,
				160AC4F81FC6CAA9002F7E95 /* LeftDrawerTableViewController.m */,
			);
			path = Controllers;
			sourceTree = "<group>";
		};
		3538B9C353DFD57CD7BDCD7B /* Pods */ = {
			isa = PBXGroup;
			children = (
				990D93181E889D4D6A96D95B /* Pods-抽屉.debug.xcconfig */,
				24B9E91F712602F08667670C /* Pods-抽屉.release.xcconfig */,
			);
			name = Pods;
			sourceTree = "<group>";
		};
		7D350AB360F2691872B12846 /* Frameworks */ = {
			isa = PBXGroup;
			children = (
				280E40F3A9FFAEF64B13F2C8 /* libPods-抽屉.a */,
			);
			name = Frameworks;
			sourceTree = "<group>";
		};
/* End PBXGroup section */

/* Begin PBXNativeTarget section */
		160AC4D91FC6C891002F7E95 /* 抽屉 */ = {
			isa = PBXNativeTarget;
			buildConfigurationList = 160AC4F01FC6C891002F7E95 /* Build configuration list for PBXNativeTarget "抽屉" */;
			buildPhases = (
				2A86D6992BD5E5D350F00A55 /* [CP] Check Pods Manifest.lock */,
				160AC4D61FC6C891002F7E95 /* Sources */,
				160AC4D71FC6C891002F7E95 /* Frameworks */,
				160AC4D81FC6C891002F7E95 /* Resources */,
				C95A0C0FDD077390EF148541 /* [CP] Embed Pods Frameworks */,
				6D20594A3057EF4160632104 /* [CP] Copy Pods Resources */,
			);
			buildRules = (
			);
			dependencies = (
			);
			name = "抽屉";
			productName = "抽屉";
			productReference = 160AC4DA1FC6C891002F7E95 /* 抽屉.app */;
			productType = "com.apple.product-type.application";
		};
/* End PBXNativeTarget section */

/* Begin PBXProject section */
		160AC4D21FC6C891002F7E95 /* Project object */ = {
			isa = PBXProject;
			attributes = {
				LastUpgradeCheck = 0910;
				ORGANIZATIONNAME = "Snail-zk";
				TargetAttributes = {
					160AC4D91FC6C891002F7E95 = {
						CreatedOnToolsVersion = 9.1;
						ProvisioningStyle = Automatic;
					};
				};
			};
			buildConfigurationList = 160AC4D51FC6C891002F7E95 /* Build configuration list for PBXProject "抽屉" */;
			compatibilityVersion = "Xcode 8.0";
			developmentRegion = en;
			hasScannedForEncodings = 0;
			knownRegions = (
				en,
				Base,
			);
			mainGroup = 160AC4D11FC6C891002F7E95;
			productRefGroup = 160AC4DB1FC6C891002F7E95 /* Products */;
			projectDirPath = "";
			projectRoot = "";
			targets = (
				160AC4D91FC6C891002F7E95 /* 抽屉 */,
			);
		};
/* End PBXProject section */

/* Begin PBXResourcesBuildPhase section */
		160AC4D81FC6C891002F7E95 /* Resources */ = {
			isa = PBXResourcesBuildPhase;
			buildActionMask = 2147483647;
			files = (
				160AC4EA1FC6C891002F7E95 /* LaunchScreen.storyboard in Resources */,
				160AC4E71FC6C891002F7E95 /* Assets.xcassets in Resources */,
				160AC4E51FC6C891002F7E95 /* Main.storyboard in Resources */,
			);
			runOnlyForDeploymentPostprocessing = 0;
		};
/* End PBXResourcesBuildPhase section */

/* Begin PBXShellScriptBuildPhase section */
		2A86D6992BD5E5D350F00A55 /* [CP] Check Pods Manifest.lock */ = {
			isa = PBXShellScriptBuildPhase;
			buildActionMask = 2147483647;
			files = (
			);
			inputPaths = (
			);
			name = "[CP] Check Pods Manifest.lock";
			outputPaths = (
			);
			runOnlyForDeploymentPostprocessing = 0;
			shellPath = /bin/sh;
			shellScript = "diff \"${PODS_ROOT}/../Podfile.lock\" \"${PODS_ROOT}/Manifest.lock\" > /dev/null\nif [ $? != 0 ] ; then\n    # print error to STDERR\n    echo \"error: The sandbox is not in sync with the Podfile.lock. Run 'pod install' or update your CocoaPods installation.\" >&2\n    exit 1\nfi\n";
			showEnvVarsInLog = 0;
		};
		6D20594A3057EF4160632104 /* [CP] Copy Pods Resources */ = {
			isa = PBXShellScriptBuildPhase;
			buildActionMask = 2147483647;
			files = (
			);
			inputPaths = (
			);
			name = "[CP] Copy Pods Resources";
			outputPaths = (
			);
			runOnlyForDeploymentPostprocessing = 0;
			shellPath = /bin/sh;
			shellScript = "\"${SRCROOT}/Pods/Target Support Files/Pods-抽屉/Pods-抽屉-resources.sh\"\n";
			showEnvVarsInLog = 0;
		};
		C95A0C0FDD077390EF148541 /* [CP] Embed Pods Frameworks */ = {
			isa = PBXShellScriptBuildPhase;
			buildActionMask = 2147483647;
			files = (
			);
			inputPaths = (
			);
			name = "[CP] Embed Pods Frameworks";
			outputPaths = (
			);
			runOnlyForDeploymentPostprocessing = 0;
			shellPath = /bin/sh;
			shellScript = "\"${SRCROOT}/Pods/Target Support Files/Pods-抽屉/Pods-抽屉-frameworks.sh\"\n";
			showEnvVarsInLog = 0;
		};
/* End PBXShellScriptBuildPhase section */

/* Begin PBXSourcesBuildPhase section */
		160AC4D61FC6C891002F7E95 /* Sources */ = {
			isa = PBXSourcesBuildPhase;
			buildActionMask = 2147483647;
			files = (
				160AC4E21FC6C891002F7E95 /* ViewController.m in Sources */,
				160AC4ED1FC6C891002F7E95 /* main.m in Sources */,
				160AC4F91FC6CAA9002F7E95 /* LeftDrawerTableViewController.m in Sources */,
				160AC4F61FC6CA76002F7E95 /* BoutiqueCollectionViewController.m in Sources */,
				160AC4DF1FC6C891002F7E95 /* AppDelegate.m in Sources */,
			);
			runOnlyForDeploymentPostprocessing = 0;
		};
/* End PBXSourcesBuildPhase section */

/* Begin PBXVariantGroup section */
		160AC4E31FC6C891002F7E95 /* Main.storyboard */ = {
			isa = PBXVariantGroup;
			children = (
				160AC4E41FC6C891002F7E95 /* Base */,
			);
			name = Main.storyboard;
			sourceTree = "<group>";
		};
		160AC4E81FC6C891002F7E95 /* LaunchScreen.storyboard */ = {
			isa = PBXVariantGroup;
			children = (
				160AC4E91FC6C891002F7E95 /* Base */,
			);
			name = LaunchScreen.storyboard;
			sourceTree = "<group>";
		};
/* End PBXVariantGroup section */

/* Begin XCBuildConfiguration section */
		160AC4EE1FC6C891002F7E95 /* Debug */ = {
			isa = XCBuildConfiguration;
			buildSettings = {
				ALWAYS_SEARCH_USER_PATHS = NO;
				CLANG_ANALYZER_NONNULL = YES;
				CLANG_ANALYZER_NUMBER_OBJECT_CONVERSION = YES_AGGRESSIVE;
				CLANG_CXX_LANGUAGE_STANDARD = "gnu++14";
				CLANG_CXX_LIBRARY = "libc++";
				CLANG_ENABLE_MODULES = YES;
				CLANG_ENABLE_OBJC_ARC = YES;
				CLANG_WARN_BLOCK_CAPTURE_AUTORELEASING = YES;
				CLANG_WARN_BOOL_CONVERSION = YES;
				CLANG_WARN_COMMA = YES;
				CLANG_WARN_CONSTANT_CONVERSION = YES;
				CLANG_WARN_DIRECT_OBJC_ISA_USAGE = YES_ERROR;
				CLANG_WARN_DOCUMENTATION_COMMENTS = YES;
				CLANG_WARN_EMPTY_BODY = YES;
				CLANG_WARN_ENUM_CONVERSION = YES;
				CLANG_WARN_INFINITE_RECURSION = YES;
				CLANG_WARN_INT_CONVERSION = YES;
				CLANG_WARN_NON_LITERAL_NULL_CONVERSION = YES;
				CLANG_WARN_OBJC_LITERAL_CONVERSION = YES;
				CLANG_WARN_OBJC_ROOT_CLASS = YES_ERROR;
				CLANG_WARN_RANGE_LOOP_ANALYSIS = YES;
				CLANG_WARN_STRICT_PROTOTYPES = YES;
				CLANG_WARN_SUSPICIOUS_MOVE = YES;
				CLANG_WARN_UNGUARDED_AVAILABILITY = YES_AGGRESSIVE;
				CLANG_WARN_UNREACHABLE_CODE = YES;
				CLANG_WARN__DUPLICATE_METHOD_MATCH = YES;
				CODE_SIGN_IDENTITY = "iPhone Developer";
				COPY_PHASE_STRIP = NO;
				DEBUG_INFORMATION_FORMAT = dwarf;
				ENABLE_STRICT_OBJC_MSGSEND = YES;
				ENABLE_TESTABILITY = YES;
				GCC_C_LANGUAGE_STANDARD = gnu11;
				GCC_DYNAMIC_NO_PIC = NO;
				GCC_NO_COMMON_BLOCKS = YES;
				GCC_OPTIMIZATION_LEVEL = 0;
				GCC_PREPROCESSOR_DEFINITIONS = (
					"DEBUG=1",
					"$(inherited)",
				);
				GCC_WARN_64_TO_32_BIT_CONVERSION = YES;
				GCC_WARN_ABOUT_RETURN_TYPE = YES_ERROR;
				GCC_WARN_UNDECLARED_SELECTOR = YES;
				GCC_WARN_UNINITIALIZED_AUTOS = YES_AGGRESSIVE;
				GCC_WARN_UNUSED_FUNCTION = YES;
				GCC_WARN_UNUSED_VARIABLE = YES;
				IPHONEOS_DEPLOYMENT_TARGET = 11.1;
				MTL_ENABLE_DEBUG_INFO = YES;
				ONLY_ACTIVE_ARCH = YES;
				SDKROOT = iphoneos;
			};
			name = Debug;
		};
		160AC4EF1FC6C891002F7E95 /* Release */ = {
			isa = XCBuildConfiguration;
			buildSettings = {
				ALWAYS_SEARCH_USER_PATHS = NO;
				CLANG_ANALYZER_NONNULL = YES;
				CLANG_ANALYZER_NUMBER_OBJECT_CONVERSION = YES_AGGRESSIVE;
				CLANG_CXX_LANGUAGE_STANDARD = "gnu++14";
				CLANG_CXX_LIBRARY = "libc++";
				CLANG_ENABLE_MODULES = YES;
				CLANG_ENABLE_OBJC_ARC = YES;
				CLANG_WARN_BLOCK_CAPTURE_AUTORELEASING = YES;
				CLANG_WARN_BOOL_CONVERSION = YES;
				CLANG_WARN_COMMA = YES;
				CLANG_WARN_CONSTANT_CONVERSION = YES;
				CLANG_WARN_DIRECT_OBJC_ISA_USAGE = YES_ERROR;
				CLANG_WARN_DOCUMENTATION_COMMENTS = YES;
				CLANG_WARN_EMPTY_BODY = YES;
				CLANG_WARN_ENUM_CONVERSION = YES;
				CLANG_WARN_INFINITE_RECURSION = YES;
				CLANG_WARN_INT_CONVERSION = YES;
				CLANG_WARN_NON_LITERAL_NULL_CONVERSION = YES;
				CLANG_WARN_OBJC_LITERAL_CONVERSION = YES;
				CLANG_WARN_OBJC_ROOT_CLASS = YES_ERROR;
				CLANG_WARN_RANGE_LOOP_ANALYSIS = YES;
				CLANG_WARN_STRICT_PROTOTYPES = YES;
				CLANG_WARN_SUSPICIOUS_MOVE = YES;
				CLANG_WARN_UNGUARDED_AVAILABILITY = YES_AGGRESSIVE;
				CLANG_WARN_UNREACHABLE_CODE = YES;
				CLANG_WARN__DUPLICATE_METHOD_MATCH = YES;
				CODE_SIGN_IDENTITY = "iPhone Developer";
				COPY_PHASE_STRIP = NO;
				DEBUG_INFORMATION_FORMAT = "dwarf-with-dsym";
				ENABLE_NS_ASSERTIONS = NO;
				ENABLE_STRICT_OBJC_MSGSEND = YES;
				GCC_C_LANGUAGE_STANDARD = gnu11;
				GCC_NO_COMMON_BLOCKS = YES;
				GCC_WARN_64_TO_32_BIT_CONVERSION = YES;
				GCC_WARN_ABOUT_RETURN_TYPE = YES_ERROR;
				GCC_WARN_UNDECLARED_SELECTOR = YES;
				GCC_WARN_UNINITIALIZED_AUTOS = YES_AGGRESSIVE;
				GCC_WARN_UNUSED_FUNCTION = YES;
				GCC_WARN_UNUSED_VARIABLE = YES;
				IPHONEOS_DEPLOYMENT_TARGET = 11.1;
				MTL_ENABLE_DEBUG_INFO = NO;
				SDKROOT = iphoneos;
				VALIDATE_PRODUCT = YES;
			};
			name = Release;
		};
		160AC4F11FC6C891002F7E95 /* Debug */ = {
			isa = XCBuildConfiguration;
			baseConfigurationReference = 990D93181E889D4D6A96D95B /* Pods-抽屉.debug.xcconfig */;
			buildSettings = {
				ASSETCATALOG_COMPILER_APPICON_NAME = AppIcon;
				CODE_SIGN_STYLE = Automatic;
				INFOPLIST_FILE = "抽屉/Info.plist";
				LD_RUNPATH_SEARCH_PATHS = "$(inherited) @executable_path/Frameworks";
				PRODUCT_BUNDLE_IDENTIFIER = "zkg.--";
				PRODUCT_NAME = "$(TARGET_NAME)";
				TARGETED_DEVICE_FAMILY = "1,2";
			};
			name = Debug;
		};
		160AC4F21FC6C891002F7E95 /* Release */ = {
			isa = XCBuildConfiguration;
			baseConfigurationReference = 24B9E91F712602F08667670C /* Pods-抽屉.release.xcconfig */;
			buildSettings = {
				ASSETCATALOG_COMPILER_APPICON_NAME = AppIcon;
				CODE_SIGN_STYLE = Automatic;
				INFOPLIST_FILE = "抽屉/Info.plist";
				LD_RUNPATH_SEARCH_PATHS = "$(inherited) @executable_path/Frameworks";
				PRODUCT_BUNDLE_IDENTIFIER = "zkg.--";
				PRODUCT_NAME = "$(TARGET_NAME)";
				TARGETED_DEVICE_FAMILY = "1,2";
			};
			name = Release;
		};
/* End XCBuildConfiguration section */

/* Begin XCConfigurationList section */
		160AC4D51FC6C891002F7E95 /* Build configuration list for PBXProject "抽屉" */ = {
			isa = XCConfigurationList;
			buildConfigurations = (
				160AC4EE1FC6C891002F7E95 /* Debug */,
				160AC4EF1FC6C891002F7E95 /* Release */,
			);
			defaultConfigurationIsVisible = 0;
			defaultConfigurationName = Release;
		};
		160AC4F01FC6C891002F7E95 /* Build configuration list for PBXNativeTarget "抽屉" */ = {
			isa = XCConfigurationList;
			buildConfigurations = (
				160AC4F11FC6C891002F7E95 /* Debug */,
				160AC4F21FC6C891002F7E95 /* Release */,
			);
			defaultConfigurationIsVisible = 0;
			defaultConfigurationName = Release;
		};
/* End XCConfigurationList section */
	};
	rootObject = 160AC4D21FC6C891002F7E95 /* Project object */;
}
